{
  "originHash" : "0e820eb7639355ec32250e009b5bee9c92e803247834c6535472d39bf01e4a8f",
  "pins" : [
    {
      "identity" : "soulvercore",
      "kind" : "remoteSourceControl",
      "location" : "https://github.com/soulverteam/SoulverCore",
      "state" : {
        "revision" : "19d5cce966213f6b960969e3f35f4d135045542f",
        "version" : "3.3.0"
      }
    }
  ],
  "version" : 3
}
